// !$*UTF8*$!
{
	archiveVersion = 1;
	classes = {
	};
	objectVersion = 50;
	objects = {

/* Begin PBXBuildFile section */
		918385E924571DE40029F1CF /* RatingControl.swift in Sources */ = {isa = PBXBuildFile; fileRef = 918385E824571DE40029F1CF /* RatingControl.swift */; };
		91ED6E81245ACA39002305CE /* Meal.swift in Sources */ = {isa = PBXBuildFile; fileRef = 91ED6E80245ACA39002305CE /* Meal.swift */; };
		91F73CCD2455A5F800EFFEBB /* AppDelegate.swift in Sources */ = {isa = PBXBuildFile; fileRef = 91F73CCC2455A5F800EFFEBB /* AppDelegate.swift */; };
		91F73CCF2455A5F800EFFEBB /* SceneDelegate.swift in Sources */ = {isa = PBXBuildFile; fileRef = 91F73CCE2455A5F800EFFEBB /* SceneDelegate.swift */; };
		91F73CD12455A5F800EFFEBB /* ViewController.swift in Sources */ = {isa = PBXBuildFile; fileRef = 91F73CD02455A5F800EFFEBB /* ViewController.swift */; };
		91F73CD42455A5F800EFFEBB /* Main.storyboard in Resources */ = {isa = PBXBuildFile; fileRef = 91F73CD22455A5F800EFFEBB /* Main.storyboard */; };
		91F73CD62455A5FA00EFFEBB /* Assets.xcassets in Resources */ = {isa = PBXBuildFile; fileRef = 91F73CD52455A5FA00EFFEBB /* Assets.xcassets */; };
		91F73CD92455A5FA00EFFEBB /* LaunchScreen.storyboard in Resources */ = {isa = PBXBuildFile; fileRef = 91F73CD72455A5FA00EFFEBB /* LaunchScreen.storyboard */; };
		91F73CE42455A5FA00EFFEBB /* MealTrackerTests.swift in Sources */ = {isa = PBXBuildFile; fileRef = 91F73CE32455A5FA00EFFEBB /* MealTrackerTests.swift */; };
/* End PBXBuildFile section */

/* Begin PBXContainerItemProxy section */
		91F73CE02455A5FA00EFFEBB /* PBXContainerItemProxy */ = {
			isa = PBXContainerItemProxy;
			containerPortal = 91F73CC12455A5F800EFFEBB /* Project object */;
			proxyType = 1;
			remoteGlobalIDString = 91F73CC82455A5F800EFFEBB;
			remoteInfo = MealTracker;
		};
/* End PBXContainerItemProxy section */

/* Begin PBXFileReference section */
		918385E824571DE40029F1CF /* RatingControl.swift */ = {isa = PBXFileReference; lastKnownFileType = sourcecode.swift; path = RatingControl.swift; sourceTree = "<group>"; };
		91ED6E80245ACA39002305CE /* Meal.swift */ = {isa = PBXFileReference; lastKnownFileType = sourcecode.swift; path = Meal.swift; sourceTree = "<group>"; };
		91F73CC92455A5F800EFFEBB /* MealTracker.app */ = {isa = PBXFileReference; explicitFileType = wrapper.application; includeInIndex = 0; path = MealTracker.app; sourceTree = BUILT_PRODUCTS_DIR; };
		91F73CCC2455A5F800EFFEBB /* AppDelegate.swift */ = {isa = PBXFileReference; lastKnownFileType = sourcecode.swift; path = AppDelegate.swift; sourceTree = "<group>"; };
		91F73CCE2455A5F800EFFEBB /* SceneDelegate.swift */ = {isa = PBXFileReference; lastKnownFileType = sourcecode.swift; path = SceneDelegate.swift; sourceTree = "<group>"; };
		91F73CD02455A5F800EFFEBB /* ViewController.swift */ = {isa = PBXFileReference; lastKnownFileType = sourcecode.swift; path = ViewController.swift; sourceTree = "<group>"; };
		91F73CD32455A5F800EFFEBB /* Base */ = {isa = PBXFileReference; lastKnownFileType = file.storyboard; name = Base; path = Base.lproj/Main.storyboard; sourceTree = "<group>"; };
		91F73CD52455A5FA00EFFEBB /* Assets.xcassets */ = {isa = PBXFileReference; lastKnownFileType = folder.assetcatalog; path = Assets.xcassets; sourceTree = "<group>"; };
		91F73CD82455A5FA00EFFEBB /* Base */ = {isa = PBXFileReference; lastKnownFileType = file.storyboard; name = Base; path = Base.lproj/LaunchScreen.storyboard; sourceTree = "<group>"; };
		91F73CDA2455A5FA00EFFEBB /* Info.plist */ = {isa = PBXFileReference; lastKnownFileType = text.plist.xml; path = Info.plist; sourceTree = "<group>"; };
		91F73CDF2455A5FA00EFFEBB /* MealTrackerTests.xctest */ = {isa = PBXFileReference; explicitFileType = wrapper.cfbundle; includeInIndex = 0; path = MealTrackerTests.xctest; sourceTree = BUILT_PRODUCTS_DIR; };
		91F73CE32455A5FA00EFFEBB /* MealTrackerTests.swift */ = {isa = PBXFileReference; lastKnownFileType = sourcecode.swift; path = MealTrackerTests.swift; sourceTree = "<group>"; };
		91F73CE52455A5FA00EFFEBB /* Info.plist */ = {isa = PBXFileReference; lastKnownFileType = text.plist.xml; path = Info.plist; sourceTree = "<group>"; };
/* End PBXFileReference section */

/* Begin PBXFrameworksBuildPhase section */
		91F73CC62455A5F800EFFEBB /* Frameworks */ = {
			isa = PBXFrameworksBuildPhase;
			buildActionMask = 2147483647;
			files = (
			);
			runOnlyForDeploymentPostprocessing = 0;
		};
		91F73CDC2455A5FA00EFFEBB /* Frameworks */ = {
			isa = PBXFrameworksBuildPhase;
			buildActionMask = 2147483647;
			files = (
			);
			runOnlyForDeploymentPostprocessing = 0;
		};
/* End PBXFrameworksBuildPhase section */

/* Begin PBXGroup section */
		91F73CC02455A5F800EFFEBB = {
			isa = PBXGroup;
			children = (
				91F73CCB2455A5F800EFFEBB /* MealTracker */,
				91F73CE22455A5FA00EFFEBB /* MealTrackerTests */,
				91F73CCA2455A5F800EFFEBB /* Products */,
			);
			sourceTree = "<group>";
		};
		91F73CCA2455A5F800EFFEBB /* Products */ = {
			isa = PBXGroup;
			children = (
				91F73CC92455A5F800EFFEBB /* MealTracker.app */,
				91F73CDF2455A5FA00EFFEBB /* MealTrackerTests.xctest */,
			);
			name = Products;
			sourceTree = "<group>";
		};
		91F73CCB2455A5F800EFFEBB /* MealTracker */ = {
			isa = PBXGroup;
			children = (
				91F73CCC2455A5F800EFFEBB /* AppDelegate.swift */,
				91F73CCE2455A5F800EFFEBB /* SceneDelegate.swift */,
				91F73CD02455A5F800EFFEBB /* ViewController.swift */,
				918385E824571DE40029F1CF /* RatingControl.swift */,
				91ED6E80245ACA39002305CE /* Meal.swift */,
				91F73CD22455A5F800EFFEBB /* Main.storyboard */,
				91F73CD52455A5FA00EFFEBB /* Assets.xcassets */,
				91F73CD72455A5FA00EFFEBB /* LaunchScreen.storyboard */,
				91F73CDA2455A5FA00EFFEBB /* Info.plist */,
			);
			path = MealTracker;
			sourceTree = "<group>";
		};
		91F73CE22455A5FA00EFFEBB /* MealTrackerTests */ = {
			isa = PBXGroup;
			children = (
				91F73CE32455A5FA00EFFEBB /* MealTrackerTests.swift */,
				91F73CE52455A5FA00EFFEBB /* Info.plist */,
			);
			path = MealTrackerTests;
			sourceTree = "<group>";
		};
/* End PBXGroup section */

/* Begin PBXNativeTarget section */
		91F73CC82455A5F800EFFEBB /* MealTracker */ = {
			isa = PBXNativeTarget;
			buildConfigurationList = 91F73CE82455A5FA00EFFEBB /* Build configuration list for PBXNativeTarget "MealTracker" */;
			buildPhases = (
				91F73CC52455A5F800EFFEBB /* Sources */,
				91F73CC62455A5F800EFFEBB /* Frameworks */,
				91F73CC72455A5F800EFFEBB /* Resources */,
			);
			buildRules = (
			);
			dependencies = (
			);
			name = MealTracker;
			productName = MealTracker;
			productReference = 91F73CC92455A5F800EFFEBB /* MealTracker.app */;
			productType = "com.apple.product-type.application";
		};
		91F73CDE2455A5FA00EFFEBB /* MealTrackerTests */ = {
			isa = PBXNativeTarget;
			buildConfigurationList = 91F73CEB2455A5FA00EFFEBB /* Build configuration list for PBXNativeTarget "MealTrackerTests" */;
			buildPhases = (
				91F73CDB2455A5FA00EFFEBB /* Sources */,
				91F73CDC2455A5FA00EFFEBB /* Frameworks */,
				91F73CDD2455A5FA00EFFEBB /* Resources */,
			);
			buildRules = (
			);
			dependencies = (
				91F73CE12455A5FA00EFFEBB /* PBXTargetDependency */,
			);
			name = MealTrackerTests;
			productName = MealTrackerTests;
			productReference = 91F73CDF2455A5FA00EFFEBB /* MealTrackerTests.xctest */;
			productType = "com.apple.product-type.bundle.unit-test";
		};
/* End PBXNativeTarget section */

/* Begin PBXProject section */
		91F73CC12455A5F800EFFEBB /* Project object */ = {
			isa = PBXProject;
			attributes = {
				LastSwiftUpdateCheck = 1140;
				LastUpgradeCheck = 1140;
				ORGANIZATIONNAME = Projectum;
				TargetAttributes = {
					91F73CC82455A5F800EFFEBB = {
						CreatedOnToolsVersion = 11.4.1;
					};
					91F73CDE2455A5FA00EFFEBB = {
						CreatedOnToolsVersion = 11.4.1;
						TestTargetID = 91F73CC82455A5F800EFFEBB;
					};
				};
			};
			buildConfigurationList = 91F73CC42455A5F800EFFEBB /* Build configuration list for PBXProject "MealTracker" */;
			compatibilityVersion = "Xcode 9.3";
			developmentRegion = en;
			hasScannedForEncodings = 0;
			knownRegions = (
				en,
				Base,
			);
			mainGroup = 91F73CC02455A5F800EFFEBB;
			productRefGroup = 91F73CCA2455A5F800EFFEBB /* Products */;
			projectDirPath = "";
			projectRoot = "";
			targets = (
				91F73CC82455A5F800EFFEBB /* MealTracker */,
				91F73CDE2455A5FA00EFFEBB /* MealTrackerTests */,
			);
		};
/* End PBXProject section */

/* Begin PBXResourcesBuildPhase section */
		91F73CC72455A5F800EFFEBB /* Resources */ = {
			isa = PBXResourcesBuildPhase;
			buildActionMask = 2147483647;
			files = (
				91F73CD92455A5FA00EFFEBB /* LaunchScreen.storyboard in Resources */,
				91F73CD62455A5FA00EFFEBB /* Assets.xcassets in Resources */,
				91F73CD42455A5F800EFFEBB /* Main.storyboard in Resources */,
			);
			runOnlyForDeploymentPostprocessing = 0;
		};
		91F73CDD2455A5FA00EFFEBB /* Resources */ = {
			isa = PBXResourcesBuildPhase;
			buildActionMask = 2147483647;
			files = (
			);
			runOnlyForDeploymentPostprocessing = 0;
		};
/* End PBXResourcesBuildPhase section */

/* Begin PBXSourcesBuildPhase section */
		91F73CC52455A5F800EFFEBB /* Sources */ = {
			isa = PBXSourcesBuildPhase;
			buildActionMask = 2147483647;
			files = (
				91ED6E81245ACA39002305CE /* Meal.swift in Sources */,
				918385E924571DE40029F1CF /* RatingControl.swift in Sources */,
				91F73CD12455A5F800EFFEBB /* ViewController.swift in Sources */,
				91F73CCD2455A5F800EFFEBB /* AppDelegate.swift in Sources */,
				91F73CCF2455A5F800EFFEBB /* SceneDelegate.swift in Sources */,
			);
			runOnlyForDeploymentPostprocessing = 0;
		};
		91F73CDB2455A5FA00EFFEBB /* Sources */ = {
			isa = PBXSourcesBuildPhase;
			buildActionMask = 2147483647;
			files = (
				91F73CE42455A5FA00EFFEBB /* MealTrackerTests.swift in Sources */,
			);
			runOnlyForDeploymentPostprocessing = 0;
		};
/* End PBXSourcesBuildPhase section */

/* Begin PBXTargetDependency section */
		91F73CE12455A5FA00EFFEBB /* PBXTargetDependency */ = {
			isa = PBXTargetDependency;
			target = 91F73CC82455A5F800EFFEBB /* MealTracker */;
			targetProxy = 91F73CE02455A5FA00EFFEBB /* PBXContainerItemProxy */;
		};
/* End PBXTargetDependency section */

/* Begin PBXVariantGroup section */
		91F73CD22455A5F800EFFEBB /* Main.storyboard */ = {
			isa = PBXVariantGroup;
			children = (
				91F73CD32455A5F800EFFEBB /* Base */,
			);
			name = Main.storyboard;
			sourceTree = "<group>";
		};
		91F73CD72455A5FA00EFFEBB /* LaunchScreen.storyboard */ = {
			isa = PBXVariantGroup;
			children = (
				91F73CD82455A5FA00EFFEBB /* Base */,
			);
			name = LaunchScreen.storyboard;
			sourceTree = "<group>";
		};
/* End PBXVariantGroup section */

/* Begin XCBuildConfiguration section */
		91F73CE62455A5FA00EFFEBB /* Debug */ = {
			isa = XCBuildConfiguration;
			buildSettings = {
				ALWAYS_SEARCH_USER_PATHS = NO;
				CLANG_ANALYZER_NONNULL = YES;
				CLANG_ANALYZER_NUMBER_OBJECT_CONVERSION = YES_AGGRESSIVE;
				CLANG_CXX_LANGUAGE_STANDARD = "gnu++14";
				CLANG_CXX_LIBRARY = "libc++";
				CLANG_ENABLE_MODULES = YES;
				CLANG_ENABLE_OBJC_ARC = YES;
				CLANG_ENABLE_OBJC_WEAK = YES;
				CLANG_WARN_BLOCK_CAPTURE_AUTORELEASING = YES;
				CLANG_WARN_BOOL_CONVERSION = YES;
				CLANG_WARN_COMMA = YES;
				CLANG_WARN_CONSTANT_CONVERSION = YES;
				CLANG_WARN_DEPRECATED_OBJC_IMPLEMENTATIONS = YES;
				CLANG_WARN_DIRECT_OBJC_ISA_USAGE = YES_ERROR;
				CLANG_WARN_DOCUMENTATION_COMMENTS = YES;
				CLANG_WARN_EMPTY_BODY = YES;
				CLANG_WARN_ENUM_CONVERSION = YES;
				CLANG_WARN_INFINITE_RECURSION = YES;
				CLANG_WARN_INT_CONVERSION = YES;
				CLANG_WARN_NON_LITERAL_NULL_CONVERSION = YES;
				CLANG_WARN_OBJC_IMPLICIT_RETAIN_SELF = YES;
				CLANG_WARN_OBJC_LITERAL_CONVERSION = YES;
				CLANG_WARN_OBJC_ROOT_CLASS = YES_ERROR;
				CLANG_WARN_RANGE_LOOP_ANALYSIS = YES;
				CLANG_WARN_STRICT_PROTOTYPES = YES;
				CLANG_WARN_SUSPICIOUS_MOVE = YES;
				CLANG_WARN_UNGUARDED_AVAILABILITY = YES_AGGRESSIVE;
				CLANG_WARN_UNREACHABLE_CODE = YES;
				CLANG_WARN__DUPLICATE_METHOD_MATCH = YES;
				COPY_PHASE_STRIP = NO;
				DEBUG_INFORMATION_FORMAT = dwarf;
				ENABLE_STRICT_OBJC_MSGSEND = YES;
				ENABLE_TESTABILITY = YES;
				GCC_C_LANGUAGE_STANDARD = gnu11;
				GCC_DYNAMIC_NO_PIC = NO;
				GCC_NO_COMMON_BLOCKS = YES;
				GCC_OPTIMIZATION_LEVEL = 0;
				GCC_PREPROCESSOR_DEFINITIONS = (
					"DEBUG=1",
					"$(inherited)",
				);
				GCC_WARN_64_TO_32_BIT_CONVERSION = YES;
				GCC_WARN_ABOUT_RETURN_TYPE = YES_ERROR;
				GCC_WARN_UNDECLARED_SELECTOR = YES;
				GCC_WARN_UNINITIALIZED_AUTOS = YES_AGGRESSIVE;
				GCC_WARN_UNUSED_FUNCTION = YES;
				GCC_WARN_UNUSED_VARIABLE = YES;
				IPHONEOS_DEPLOYMENT_TARGET = 13.4;
				MTL_ENABLE_DEBUG_INFO = INCLUDE_SOURCE;
				MTL_FAST_MATH = YES;
				ONLY_ACTIVE_ARCH = YES;
				SDKROOT = iphoneos;
				SWIFT_ACTIVE_COMPILATION_CONDITIONS = DEBUG;
				SWIFT_OPTIMIZATION_LEVEL = "-Onone";
			};
			name = Debug;
		};
		91F73CE72455A5FA00EFFEBB /* Release */ = {
			isa = XCBuildConfiguration;
			buildSettings = {
				ALWAYS_SEARCH_USER_PATHS = NO;
				CLANG_ANALYZER_NONNULL = YES;
				CLANG_ANALYZER_NUMBER_OBJECT_CONVERSION = YES_AGGRESSIVE;
				CLANG_CXX_LANGUAGE_STANDARD = "gnu++14";
				CLANG_CXX_LIBRARY = "libc++";
				CLANG_ENABLE_MODULES = YES;
				CLANG_ENABLE_OBJC_ARC = YES;
				CLANG_ENABLE_OBJC_WEAK = YES;
				CLANG_WARN_BLOCK_CAPTURE_AUTORELEASING = YES;
				CLANG_WARN_BOOL_CONVERSION = YES;
				CLANG_WARN_COMMA = YES;
				CLANG_WARN_CONSTANT_CONVERSION = YES;
				CLANG_WARN_DEPRECATED_OBJC_IMPLEMENTATIONS = YES;
				CLANG_WARN_DIRECT_OBJC_ISA_USAGE = YES_ERROR;
				CLANG_WARN_DOCUMENTATION_COMMENTS = YES;
				CLANG_WARN_EMPTY_BODY = YES;
				CLANG_WARN_ENUM_CONVERSION = YES;
				CLANG_WARN_INFINITE_RECURSION = YES;
				CLANG_WARN_INT_CONVERSION = YES;
				CLANG_WARN_NON_LITERAL_NULL_CONVERSION = YES;
				CLANG_WARN_OBJC_IMPLICIT_RETAIN_SELF = YES;
				CLANG_WARN_OBJC_LITERAL_CONVERSION = YES;
				CLANG_WARN_OBJC_ROOT_CLASS = YES_ERROR;
				CLANG_WARN_RANGE_LOOP_ANALYSIS = YES;
				CLANG_WARN_STRICT_PROTOTYPES = YES;
				CLANG_WARN_SUSPICIOUS_MOVE = YES;
				CLANG_WARN_UNGUARDED_AVAILABILITY = YES_AGGRESSIVE;
				CLANG_WARN_UNREACHABLE_CODE = YES;
				CLANG_WARN__DUPLICATE_METHOD_MATCH = YES;
				COPY_PHASE_STRIP = NO;
				DEBUG_INFORMATION_FORMAT = "dwarf-with-dsym";
				ENABLE_NS_ASSERTIONS = NO;
				ENABLE_STRICT_OBJC_MSGSEND = YES;
				GCC_C_LANGUAGE_STANDARD = gnu11;
				GCC_NO_COMMON_BLOCKS = YES;
				GCC_WARN_64_TO_32_BIT_CONVERSION = YES;
				GCC_WARN_ABOUT_RETURN_TYPE = YES_ERROR;
				GCC_WARN_UNDECLARED_SELECTOR = YES;
				GCC_WARN_UNINITIALIZED_AUTOS = YES_AGGRESSIVE;
				GCC_WARN_UNUSED_FUNCTION = YES;
				GCC_WARN_UNUSED_VARIABLE = YES;
				IPHONEOS_DEPLOYMENT_TARGET = 13.4;
				MTL_ENABLE_DEBUG_INFO = NO;
				MTL_FAST_MATH = YES;
				SDKROOT = iphoneos;
				SWIFT_COMPILATION_MODE = wholemodule;
				SWIFT_OPTIMIZATION_LEVEL = "-O";
				VALIDATE_PRODUCT = YES;
			};
			name = Release;
		};
		91F73CE92455A5FA00EFFEBB /* Debug */ = {
			isa = XCBuildConfiguration;
			buildSettings = {
				ASSETCATALOG_COMPILER_APPICON_NAME = AppIcon;
				CODE_SIGN_STYLE = Automatic;
				INFOPLIST_FILE = MealTracker/Info.plist;
				LD_RUNPATH_SEARCH_PATHS = (
					"$(inherited)",
					"@executable_path/Frameworks",
				);
				PRODUCT_BUNDLE_IDENTIFIER = com.example.MealTracker;
				PRODUCT_NAME = "$(TARGET_NAME)";
				SWIFT_VERSION = 5.0;
				TARGETED_DEVICE_FAMILY = "1,2";
			};
			name = Debug;
		};
		91F73CEA2455A5FA00EFFEBB /* Release */ = {
			isa = XCBuildConfiguration;
			buildSettings = {
				ASSETCATALOG_COMPILER_APPICON_NAME = AppIcon;
				CODE_SIGN_STYLE = Automatic;
				INFOPLIST_FILE = MealTracker/Info.plist;
				LD_RUNPATH_SEARCH_PATHS = (
					"$(inherited)",
					"@executable_path/Frameworks",
				);
				PRODUCT_BUNDLE_IDENTIFIER = com.example.MealTracker;
				PRODUCT_NAME = "$(TARGET_NAME)";
				SWIFT_VERSION = 5.0;
				TARGETED_DEVICE_FAMILY = "1,2";
			};
			name = Release;
		};
		91F73CEC2455A5FA00EFFEBB /* Debug */ = {
			isa = XCBuildConfiguration;
			buildSettings = {
				ALWAYS_EMBED_SWIFT_STANDARD_LIBRARIES = YES;
				BUNDLE_LOADER = "$(TEST_HOST)";
				CODE_SIGN_STYLE = Automatic;
				INFOPLIST_FILE = MealTrackerTests/Info.plist;
				IPHONEOS_DEPLOYMENT_TARGET = 13.4;
				LD_RUNPATH_SEARCH_PATHS = (
					"$(inherited)",
					"@executable_path/Frameworks",
					"@loader_path/Frameworks",
				);
				PRODUCT_BUNDLE_IDENTIFIER = com.example.MealTrackerTests;
				PRODUCT_NAME = "$(TARGET_NAME)";
				SWIFT_VERSION = 5.0;
				TARGETED_DEVICE_FAMILY = "1,2";
				TEST_HOST = "$(BUILT_PRODUCTS_DIR)/MealTracker.app/MealTracker";
			};
			name = Debug;
		};
		91F73CED2455A5FA00EFFEBB /* Release */ = {
			isa = XCBuildConfiguration;
			buildSettings = {
				ALWAYS_EMBED_SWIFT_STANDARD_LIBRARIES = YES;
				BUNDLE_LOADER = "$(TEST_HOST)";
				CODE_SIGN_STYLE = Automatic;
				INFOPLIST_FILE = MealTrackerTests/Info.plist;
				IPHONEOS_DEPLOYMENT_TARGET = 13.4;
				LD_RUNPATH_SEARCH_PATHS = (
					"$(inherited)",
					"@executable_path/Frameworks",
					"@loader_path/Frameworks",
				);
				PRODUCT_BUNDLE_IDENTIFIER = com.example.MealTrackerTests;
				PRODUCT_NAME = "$(TARGET_NAME)";
				SWIFT_VERSION = 5.0;
				TARGETED_DEVICE_FAMILY = "1,2";
				TEST_HOST = "$(BUILT_PRODUCTS_DIR)/MealTracker.app/MealTracker";
			};
			name = Release;
		};
/* End XCBuildConfiguration section */

/* Begin XCConfigurationList section */
		91F73CC42455A5F800EFFEBB /* Build configuration list for PBXProject "MealTracker" */ = {
			isa = XCConfigurationList;
			buildConfigurations = (
				91F73CE62455A5FA00EFFEBB /* Debug */,
				91F73CE72455A5FA00EFFEBB /* Release */,
			);
			defaultConfigurationIsVisible = 0;
			defaultConfigurationName = Release;
		};
		91F73CE82455A5FA00EFFEBB /* Build configuration list for PBXNativeTarget "MealTracker" */ = {
			isa = XCConfigurationList;
			buildConfigurations = (
				91F73CE92455A5FA00EFFEBB /* Debug */,
				91F73CEA2455A5FA00EFFEBB /* Release */,
			);
			defaultConfigurationIsVisible = 0;
			defaultConfigurationName = Release;
		};
		91F73CEB2455A5FA00EFFEBB /* Build configuration list for PBXNativeTarget "MealTrackerTests" */ = {
			isa = XCConfigurationList;
			buildConfigurations = (
				91F73CEC2455A5FA00EFFEBB /* Debug */,
				91F73CED2455A5FA00EFFEBB /* Release */,
			);
			defaultConfigurationIsVisible = 0;
			defaultConfigurationName = Release;
		};
/* End XCConfigurationList section */
	};
	rootObject = 91F73CC12455A5F800EFFEBB /* Project object */;
}
